
Microsoft Visual Studio Solution File, Format Version 12.00
# Visual Studio Version 16
VisualStudioVersion = 16.0.30011.22
MinimumVisualStudioVersion = 10.0.40219.1
Project("{FAE04EC0-301F-11D3-BF4B-00C04F79EFBC}") = "Gimnasio", "Gimnasio\Gimnasio.csproj", "{EEC0A2CD-8342-4885-950F-434D9991B3D3}"
EndProject
Global
	GlobalSection(SolutionConfigurationPlatforms) = preSolution
		Debug|Any CPU = Debug|Any CPU
		Release|Any CPU = Release|Any CPU
	EndGlobalSection
	GlobalSection(ProjectConfigurationPlatforms) = postSolution
		{EEC0A2CD-8342-4885-950F-434D9991B3D3}.Debug|Any CPU.ActiveCfg = Debug|Any CPU
		{EEC0A2CD-8342-4885-950F-434D9991B3D3}.Debug|Any CPU.Build.0 = Debug|Any CPU
		{EEC0A2CD-8342-4885-950F-434D9991B3D3}.Release|Any CPU.ActiveCfg = Release|Any CPU
		{EEC0A2CD-8342-4885-950F-434D9991B3D3}.Release|Any CPU.Build.0 = Release|Any CPU
	EndGlobalSection
	GlobalSection(SolutionProperties) = preSolution
		HideSolutionNode = FALSE
	EndGlobalSection
	GlobalSection(ExtensibilityGlobals) = postSolution
		SolutionGuid = {2192D699-4C96-4A66-9A60-F34ACE0CEDDB}
	EndGlobalSection
EndGlobal
